
Microsoft Visual Studio Solution File, Format Version 12.00
# Visual Studio Version 16
VisualStudioVersion = 16.0.30104.148
MinimumVisualStudioVersion = 10.0.40219.1
Project("{9A19103F-16F7-4668-BE54-9A1E7A4F7556}") = "JoDice", "JoDice\JoDice.csproj", "{AA4AD94E-CB46-40BC-B365-8A796C994F97}"
EndProject
Project("{9A19103F-16F7-4668-BE54-9A1E7A4F7556}") = "Repository", "Repository\Repository.csproj", "{9815C5B9-A866-4938-83B6-D54A7EBF0439}"
EndProject
Project("{FAE04EC0-301F-11D3-BF4B-00C04F79EFBC}") = "Admin", "Admin\Admin.csproj", "{5088EE13-C915-46B9-8EB7-F62148A2DBAC}"
EndProject
Global
	GlobalSection(SolutionConfigurationPlatforms) = preSolution
		Debug|Any CPU = Debug|Any CPU
		Release|Any CPU = Release|Any CPU
	EndGlobalSection
	GlobalSection(ProjectConfigurationPlatforms) = postSolution
		{AA4AD94E-CB46-40BC-B365-8A796C994F97}.Debug|Any CPU.ActiveCfg = Debug|Any CPU
		{AA4AD94E-CB46-40BC-B365-8A796C994F97}.Debug|Any CPU.Build.0 = Debug|Any CPU
		{AA4AD94E-CB46-40BC-B365-8A796C994F97}.Release|Any CPU.ActiveCfg = Release|Any CPU
		{AA4AD94E-CB46-40BC-B365-8A796C994F97}.Release|Any CPU.Build.0 = Release|Any CPU
		{9815C5B9-A866-4938-83B6-D54A7EBF0439}.Debug|Any CPU.ActiveCfg = Debug|Any CPU
		{9815C5B9-A866-4938-83B6-D54A7EBF0439}.Debug|Any CPU.Build.0 = Debug|Any CPU
		{9815C5B9-A866-4938-83B6-D54A7EBF0439}.Release|Any CPU.ActiveCfg = Release|Any CPU
		{9815C5B9-A866-4938-83B6-D54A7EBF0439}.Release|Any CPU.Build.0 = Release|Any CPU
		{5088EE13-C915-46B9-8EB7-F62148A2DBAC}.Debug|Any CPU.ActiveCfg = Debug|Any CPU
		{5088EE13-C915-46B9-8EB7-F62148A2DBAC}.Debug|Any CPU.Build.0 = Debug|Any CPU
		{5088EE13-C915-46B9-8EB7-F62148A2DBAC}.Release|Any CPU.ActiveCfg = Release|Any CPU
		{5088EE13-C915-46B9-8EB7-F62148A2DBAC}.Release|Any CPU.Build.0 = Release|Any CPU
	EndGlobalSection
	GlobalSection(SolutionProperties) = preSolution
		HideSolutionNode = FALSE
	EndGlobalSection
	GlobalSection(ExtensibilityGlobals) = postSolution
		SolutionGuid = {47E75CDF-C008-4C52-A4D0-C2CA38F4EA6C}
	EndGlobalSection
EndGlobal
